// !$*UTF8*$!
{
	archiveVersion = 1;
	classes = {
	};
	objectVersion = 77;
	objects = {

/* Begin PBXBuildFile section */
		FE0069AE2E59626000565593 /* Assets.xcassets in Resources */ = {isa = PBXBuildFile; fileRef = FE0069A32E59626000565593 /* Assets.xcassets */; };
		FE0069B02E59626000565593 /* LaunchScreen.storyboard in Resources */ = {isa = PBXBuildFile; fileRef = FE0069A72E59626000565593 /* LaunchScreen.storyboard */; };
		FE0069B12E59626000565593 /* Main.storyboard in Resources */ = {isa = PBXBuildFile; fileRef = FE0069A92E59626000565593 /* Main.storyboard */; };
		FE0069B32E59626000565593 /* Combination.xcdatamodeld in Sources */ = {isa = PBXBuildFile; fileRef = FE0069A42E59626000565593 /* Combination.xcdatamodeld */; };
		FE006A2E2E59B0EA00565593 /* CombinatioImages.swift in Sources */ = {isa = PBXBuildFile; fileRef = FE006A282E59B0EA00565593 /* CombinatioImages.swift */; };
		FE006A2F2E59B0EA00565593 /* MainMenuVC.swift in Sources */ = {isa = PBXBuildFile; fileRef = FE006A2C2E59B0EA00565593 /* MainMenuVC.swift */; };
		FE006A302E59B0EA00565593 /* UserFeedbackVC.swift in Sources */ = {isa = PBXBuildFile; fileRef = FE006A2B2E59B0EA00565593 /* UserFeedbackVC.swift */; };
		FE006A312E59B0EA00565593 /* CombinationModel.swift in Sources */ = {isa = PBXBuildFile; fileRef = FE006A292E59B0EA00565593 /* CombinationModel.swift */; };
		FE006A322E59B0EA00565593 /* AppDelegate.swift in Sources */ = {isa = PBXBuildFile; fileRef = FE006A272E59B0EA00565593 /* AppDelegate.swift */; };
		FE006A332E59B0EA00565593 /* MainGameVC.swift in Sources */ = {isa = PBXBuildFile; fileRef = FE006A2D2E59B0EA00565593 /* MainGameVC.swift */; };
		FE006A342E59B0EA00565593 /* SceneDelegate.swift in Sources */ = {isa = PBXBuildFile; fileRef = FE006A2A2E59B0EA00565593 /* SceneDelegate.swift */; };
		FE006A372E59B83600565593 /* CombinationVC.swift in Sources */ = {isa = PBXBuildFile; fileRef = FE006A362E59B83600565593 /* CombinationVC.swift */; };
		FE006A3A2E59C9B500565593 /* RatingVC.swift in Sources */ = {isa = PBXBuildFile; fileRef = FE006A392E59C9B500565593 /* RatingVC.swift */; };
		FE006A3B2E59C9B500565593 /* GameRecordsVC.swift in Sources */ = {isa = PBXBuildFile; fileRef = FE006A382E59C9B500565593 /* GameRecordsVC.swift */; };
		FE006A3D2E59C9E800565593 /* FeedbackVC.swift in Sources */ = {isa = PBXBuildFile; fileRef = FE006A3C2E59C9E800565593 /* FeedbackVC.swift */; };
		FF5099092D5E6778E5FEF5EA /* Pods_Combination.framework in Frameworks */ = {isa = PBXBuildFile; fileRef = 2436AD9EB9B850C25E92C248 /* Pods_Combination.framework */; };
/* End PBXBuildFile section */

/* Begin PBXFileReference section */
		20ADBC4CA601EF408B9EEA86 /* Pods-Combination.debug.xcconfig */ = {isa = PBXFileReference; includeInIndex = 1; lastKnownFileType = text.xcconfig; name = "Pods-Combination.debug.xcconfig"; path = "Target Support Files/Pods-Combination/Pods-Combination.debug.xcconfig"; sourceTree = "<group>"; };
		2436AD9EB9B850C25E92C248 /* Pods_Combination.framework */ = {isa = PBXFileReference; explicitFileType = wrapper.framework; includeInIndex = 0; path = Pods_Combination.framework; sourceTree = BUILT_PRODUCTS_DIR; };
		E8A4DF322AEAD7E055495FEC /* Pods-Combination.release.xcconfig */ = {isa = PBXFileReference; includeInIndex = 1; lastKnownFileType = text.xcconfig; name = "Pods-Combination.release.xcconfig"; path = "Target Support Files/Pods-Combination/Pods-Combination.release.xcconfig"; sourceTree = "<group>"; };
		FE0069872E59624D00565593 /* Combination.app */ = {isa = PBXFileReference; explicitFileType = wrapper.application; includeInIndex = 0; path = Combination.app; sourceTree = BUILT_PRODUCTS_DIR; };
		FE0069A32E59626000565593 /* Assets.xcassets */ = {isa = PBXFileReference; lastKnownFileType = folder.assetcatalog; path = Assets.xcassets; sourceTree = "<group>"; };
		FE0069A52E59626000565593 /* Info.plist */ = {isa = PBXFileReference; lastKnownFileType = text.plist.xml; path = Info.plist; sourceTree = "<group>"; };
		FE0069A62E59626000565593 /* Base */ = {isa = PBXFileReference; lastKnownFileType = file.storyboard; name = Base; path = Base.lproj/LaunchScreen.storyboard; sourceTree = "<group>"; };
		FE0069A82E59626000565593 /* Base */ = {isa = PBXFileReference; lastKnownFileType = file.storyboard; name = Base; path = Base.lproj/Main.storyboard; sourceTree = "<group>"; };
		FE0069AD2E59626000565593 /* Combination.xcdatamodel */ = {isa = PBXFileReference; lastKnownFileType = wrapper.xcdatamodel; path = Combination.xcdatamodel; sourceTree = "<group>"; };
		FE006A272E59B0EA00565593 /* AppDelegate.swift */ = {isa = PBXFileReference; lastKnownFileType = sourcecode.swift; path = AppDelegate.swift; sourceTree = "<group>"; };
		FE006A282E59B0EA00565593 /* CombinatioImages.swift */ = {isa = PBXFileReference; lastKnownFileType = sourcecode.swift; path = CombinatioImages.swift; sourceTree = "<group>"; };
		FE006A292E59B0EA00565593 /* CombinationModel.swift */ = {isa = PBXFileReference; lastKnownFileType = sourcecode.swift; path = CombinationModel.swift; sourceTree = "<group>"; };
		FE006A2A2E59B0EA00565593 /* SceneDelegate.swift */ = {isa = PBXFileReference; lastKnownFileType = sourcecode.swift; path = SceneDelegate.swift; sourceTree = "<group>"; };
		FE006A2B2E59B0EA00565593 /* UserFeedbackVC.swift */ = {isa = PBXFileReference; lastKnownFileType = sourcecode.swift; path = UserFeedbackVC.swift; sourceTree = "<group>"; };
		FE006A2C2E59B0EA00565593 /* MainMenuVC.swift */ = {isa = PBXFileReference; lastKnownFileType = sourcecode.swift; path = MainMenuVC.swift; sourceTree = "<group>"; };
		FE006A2D2E59B0EA00565593 /* MainGameVC.swift */ = {isa = PBXFileReference; lastKnownFileType = sourcecode.swift; path = MainGameVC.swift; sourceTree = "<group>"; };
		FE006A362E59B83600565593 /* CombinationVC.swift */ = {isa = PBXFileReference; lastKnownFileType = sourcecode.swift; path = CombinationVC.swift; sourceTree = "<group>"; };
		FE006A382E59C9B500565593 /* GameRecordsVC.swift */ = {isa = PBXFileReference; lastKnownFileType = sourcecode.swift; path = GameRecordsVC.swift; sourceTree = "<group>"; };
		FE006A392E59C9B500565593 /* RatingVC.swift */ = {isa = PBXFileReference; lastKnownFileType = sourcecode.swift; path = RatingVC.swift; sourceTree = "<group>"; };
		FE006A3C2E59C9E800565593 /* FeedbackVC.swift */ = {isa = PBXFileReference; lastKnownFileType = sourcecode.swift; path = FeedbackVC.swift; sourceTree = "<group>"; };
/* End PBXFileReference section */

/* Begin PBXFrameworksBuildPhase section */
		FE0069842E59624D00565593 /* Frameworks */ = {
			isa = PBXFrameworksBuildPhase;
			buildActionMask = 2147483647;
			files = (
				FF5099092D5E6778E5FEF5EA /* Pods_Combination.framework in Frameworks */,
			);
			runOnlyForDeploymentPostprocessing = 0;
		};
/* End PBXFrameworksBuildPhase section */

/* Begin PBXGroup section */
		1B1C9BC29E3F33F4B34065FF /* Pods */ = {
			isa = PBXGroup;
			children = (
				20ADBC4CA601EF408B9EEA86 /* Pods-Combination.debug.xcconfig */,
				E8A4DF322AEAD7E055495FEC /* Pods-Combination.release.xcconfig */,
			);
			path = Pods;
			sourceTree = "<group>";
		};
		530F02853492F33FA3C6795D /* Frameworks */ = {
			isa = PBXGroup;
			children = (
				2436AD9EB9B850C25E92C248 /* Pods_Combination.framework */,
			);
			name = Frameworks;
			sourceTree = "<group>";
		};
		FE00697E2E59624D00565593 = {
			isa = PBXGroup;
			children = (
				FE0069AC2E59626000565593 /* Combination */,
				FE0069882E59624D00565593 /* Products */,
				1B1C9BC29E3F33F4B34065FF /* Pods */,
				530F02853492F33FA3C6795D /* Frameworks */,
			);
			sourceTree = "<group>";
		};
		FE0069882E59624D00565593 /* Products */ = {
			isa = PBXGroup;
			children = (
				FE0069872E59624D00565593 /* Combination.app */,
			);
			name = Products;
			sourceTree = "<group>";
		};
		FE0069AC2E59626000565593 /* Combination */ = {
			isa = PBXGroup;
			children = (
				FE006A272E59B0EA00565593 /* AppDelegate.swift */,
				FE006A2A2E59B0EA00565593 /* SceneDelegate.swift */,
				FE006A282E59B0EA00565593 /* CombinatioImages.swift */,
				FE006A292E59B0EA00565593 /* CombinationModel.swift */,
				FE006A3F2E59DABB00565593 /* CombForVC */,
				FE0069A32E59626000565593 /* Assets.xcassets */,
				FE0069A42E59626000565593 /* Combination.xcdatamodeld */,
				FE0069A52E59626000565593 /* Info.plist */,
				FE0069A72E59626000565593 /* LaunchScreen.storyboard */,
				FE0069A92E59626000565593 /* Main.storyboard */,
			);
			path = Combination;
			sourceTree = "<group>";
		};
		FE006A3F2E59DABB00565593 /* CombForVC */ = {
			isa = PBXGroup;
			children = (
				FE006A362E59B83600565593 /* CombinationVC.swift */,
				FE006A2B2E59B0EA00565593 /* UserFeedbackVC.swift */,
				FE006A2C2E59B0EA00565593 /* MainMenuVC.swift */,
				FE006A3C2E59C9E800565593 /* FeedbackVC.swift */,
				FE006A2D2E59B0EA00565593 /* MainGameVC.swift */,
				FE006A382E59C9B500565593 /* GameRecordsVC.swift */,
				FE006A392E59C9B500565593 /* RatingVC.swift */,
			);
			path = CombForVC;
			sourceTree = "<group>";
		};
/* End PBXGroup section */

/* Begin PBXNativeTarget section */
		FE0069862E59624D00565593 /* Combination */ = {
			isa = PBXNativeTarget;
			buildConfigurationList = FE00699D2E59624F00565593 /* Build configuration list for PBXNativeTarget "Combination" */;
			buildPhases = (
				B7C7A7B8D44436A42A0AFED9 /* [CP] Check Pods Manifest.lock */,
				FE0069832E59624D00565593 /* Sources */,
				FE0069842E59624D00565593 /* Frameworks */,
				FE0069852E59624D00565593 /* Resources */,
			);
			buildRules = (
			);
			dependencies = (
			);
			name = Combination;
			productName = Combination;
			productReference = FE0069872E59624D00565593 /* Combination.app */;
			productType = "com.apple.product-type.application";
		};
/* End PBXNativeTarget section */

/* Begin PBXProject section */
		FE00697F2E59624D00565593 /* Project object */ = {
			isa = PBXProject;
			attributes = {
				BuildIndependentTargetsInParallel = 1;
				LastSwiftUpdateCheck = 1630;
				LastUpgradeCheck = 1630;
				TargetAttributes = {
					FE0069862E59624D00565593 = {
						CreatedOnToolsVersion = 16.3;
						LastSwiftMigration = 1630;
					};
				};
			};
			buildConfigurationList = FE0069822E59624D00565593 /* Build configuration list for PBXProject "Combination" */;
			developmentRegion = en;
			hasScannedForEncodings = 0;
			knownRegions = (
				en,
				Base,
			);
			mainGroup = FE00697E2E59624D00565593;
			minimizedProjectReferenceProxies = 1;
			preferredProjectObjectVersion = 77;
			productRefGroup = FE0069882E59624D00565593 /* Products */;
			projectDirPath = "";
			projectRoot = "";
			targets = (
				FE0069862E59624D00565593 /* Combination */,
			);
		};
/* End PBXProject section */

/* Begin PBXResourcesBuildPhase section */
		FE0069852E59624D00565593 /* Resources */ = {
			isa = PBXResourcesBuildPhase;
			buildActionMask = 2147483647;
			files = (
				FE0069AE2E59626000565593 /* Assets.xcassets in Resources */,
				FE0069B02E59626000565593 /* LaunchScreen.storyboard in Resources */,
				FE0069B12E59626000565593 /* Main.storyboard in Resources */,
			);
			runOnlyForDeploymentPostprocessing = 0;
		};
/* End PBXResourcesBuildPhase section */

/* Begin PBXShellScriptBuildPhase section */
		B7C7A7B8D44436A42A0AFED9 /* [CP] Check Pods Manifest.lock */ = {
			isa = PBXShellScriptBuildPhase;
			buildActionMask = 2147483647;
			files = (
			);
			inputFileListPaths = (
			);
			inputPaths = (
				"${PODS_PODFILE_DIR_PATH}/Podfile.lock",
				"${PODS_ROOT}/Manifest.lock",
			);
			name = "[CP] Check Pods Manifest.lock";
			outputFileListPaths = (
			);
			outputPaths = (
				"$(DERIVED_FILE_DIR)/Pods-Combination-checkManifestLockResult.txt",
			);
			runOnlyForDeploymentPostprocessing = 0;
			shellPath = /bin/sh;
			shellScript = "diff \"${PODS_PODFILE_DIR_PATH}/Podfile.lock\" \"${PODS_ROOT}/Manifest.lock\" > /dev/null\nif [ $? != 0 ] ; then\n    # print error to STDERR\n    echo \"error: The sandbox is not in sync with the Podfile.lock. Run 'pod install' or update your CocoaPods installation.\" >&2\n    exit 1\nfi\n# This output is used by Xcode 'outputs' to avoid re-running this script phase.\necho \"SUCCESS\" > \"${SCRIPT_OUTPUT_FILE_0}\"\n";
			showEnvVarsInLog = 0;
		};
/* End PBXShellScriptBuildPhase section */

/* Begin PBXSourcesBuildPhase section */
		FE0069832E59624D00565593 /* Sources */ = {
			isa = PBXSourcesBuildPhase;
			buildActionMask = 2147483647;
			files = (
				FE006A2E2E59B0EA00565593 /* CombinatioImages.swift in Sources */,
				FE006A2F2E59B0EA00565593 /* MainMenuVC.swift in Sources */,
				FE006A3A2E59C9B500565593 /* RatingVC.swift in Sources */,
				FE006A3B2E59C9B500565593 /* GameRecordsVC.swift in Sources */,
				FE006A302E59B0EA00565593 /* UserFeedbackVC.swift in Sources */,
				FE006A372E59B83600565593 /* CombinationVC.swift in Sources */,
				FE006A312E59B0EA00565593 /* CombinationModel.swift in Sources */,
				FE006A3D2E59C9E800565593 /* FeedbackVC.swift in Sources */,
				FE006A322E59B0EA00565593 /* AppDelegate.swift in Sources */,
				FE006A332E59B0EA00565593 /* MainGameVC.swift in Sources */,
				FE006A342E59B0EA00565593 /* SceneDelegate.swift in Sources */,
				FE0069B32E59626000565593 /* Combination.xcdatamodeld in Sources */,
			);
			runOnlyForDeploymentPostprocessing = 0;
		};
/* End PBXSourcesBuildPhase section */

/* Begin PBXVariantGroup section */
		FE0069A72E59626000565593 /* LaunchScreen.storyboard */ = {
			isa = PBXVariantGroup;
			children = (
				FE0069A62E59626000565593 /* Base */,
			);
			name = LaunchScreen.storyboard;
			sourceTree = "<group>";
		};
		FE0069A92E59626000565593 /* Main.storyboard */ = {
			isa = PBXVariantGroup;
			children = (
				FE0069A82E59626000565593 /* Base */,
			);
			name = Main.storyboard;
			sourceTree = "<group>";
		};
/* End PBXVariantGroup section */

/* Begin XCBuildConfiguration section */
		FE00699E2E59624F00565593 /* Debug */ = {
			isa = XCBuildConfiguration;
			baseConfigurationReference = 20ADBC4CA601EF408B9EEA86 /* Pods-Combination.debug.xcconfig */;
			buildSettings = {
				ASSETCATALOG_COMPILER_APPICON_NAME = AppIcon;
				ASSETCATALOG_COMPILER_GLOBAL_ACCENT_COLOR_NAME = AccentColor;
				CLANG_ENABLE_MODULES = YES;
				CODE_SIGN_STYLE = Automatic;
				CURRENT_PROJECT_VERSION = 1;
				GENERATE_INFOPLIST_FILE = YES;
				INFOPLIST_FILE = Combination/Info.plist;
				INFOPLIST_KEY_CFBundleDisplayName = "Mahjong ToCombination";
				INFOPLIST_KEY_UIApplicationSupportsIndirectInputEvents = YES;
				INFOPLIST_KEY_UILaunchStoryboardName = LaunchScreen;
				INFOPLIST_KEY_UIMainStoryboardFile = Main;
				INFOPLIST_KEY_UIRequiredDeviceCapabilities = armv7;
				INFOPLIST_KEY_UISupportedInterfaceOrientations = UIInterfaceOrientationPortrait;
				INFOPLIST_KEY_UISupportedInterfaceOrientations_iPad = "UIInterfaceOrientationLandscapeLeft UIInterfaceOrientationLandscapeRight UIInterfaceOrientationPortrait UIInterfaceOrientationPortraitUpsideDown";
				IPHONEOS_DEPLOYMENT_TARGET = 14.0;
				LD_RUNPATH_SEARCH_PATHS = (
					"$(inherited)",
					"@executable_path/Frameworks",
				);
				MARKETING_VERSION = 1.0;
				PRODUCT_BUNDLE_IDENTIFIER = com.Combination.tolianhe;
				PRODUCT_NAME = "$(TARGET_NAME)";
				SUPPORTED_PLATFORMS = "iphoneos iphonesimulator";
				SUPPORTS_MACCATALYST = NO;
				SUPPORTS_MAC_DESIGNED_FOR_IPHONE_IPAD = NO;
				SUPPORTS_XR_DESIGNED_FOR_IPHONE_IPAD = NO;
				SWIFT_EMIT_LOC_STRINGS = YES;
				SWIFT_OPTIMIZATION_LEVEL = "-Onone";
				SWIFT_VERSION = 5.0;
				TARGETED_DEVICE_FAMILY = 1;
			};
			name = Debug;
		};
		FE00699F2E59624F00565593 /* Release */ = {
			isa = XCBuildConfiguration;
			baseConfigurationReference = E8A4DF322AEAD7E055495FEC /* Pods-Combination.release.xcconfig */;
			buildSettings = {
				ASSETCATALOG_COMPILER_APPICON_NAME = AppIcon;
				ASSETCATALOG_COMPILER_GLOBAL_ACCENT_COLOR_NAME = AccentColor;
				CLANG_ENABLE_MODULES = YES;
				CODE_SIGN_STYLE = Automatic;
				CURRENT_PROJECT_VERSION = 1;
				GENERATE_INFOPLIST_FILE = YES;
				INFOPLIST_FILE = Combination/Info.plist;
				INFOPLIST_KEY_CFBundleDisplayName = "Mahjong ToCombination";
				INFOPLIST_KEY_UIApplicationSupportsIndirectInputEvents = YES;
				INFOPLIST_KEY_UILaunchStoryboardName = LaunchScreen;
				INFOPLIST_KEY_UIMainStoryboardFile = Main;
				INFOPLIST_KEY_UIRequiredDeviceCapabilities = armv7;
				INFOPLIST_KEY_UISupportedInterfaceOrientations = UIInterfaceOrientationPortrait;
				INFOPLIST_KEY_UISupportedInterfaceOrientations_iPad = "UIInterfaceOrientationLandscapeLeft UIInterfaceOrientationLandscapeRight UIInterfaceOrientationPortrait UIInterfaceOrientationPortraitUpsideDown";
				IPHONEOS_DEPLOYMENT_TARGET = 14.0;
				LD_RUNPATH_SEARCH_PATHS = (
					"$(inherited)",
					"@executable_path/Frameworks",
				);
				MARKETING_VERSION = 1.0;
				PRODUCT_BUNDLE_IDENTIFIER = com.Combination.tolianhe;
				PRODUCT_NAME = "$(TARGET_NAME)";
				SUPPORTED_PLATFORMS = "iphoneos iphonesimulator";
				SUPPORTS_MACCATALYST = NO;
				SUPPORTS_MAC_DESIGNED_FOR_IPHONE_IPAD = NO;
				SUPPORTS_XR_DESIGNED_FOR_IPHONE_IPAD = NO;
				SWIFT_EMIT_LOC_STRINGS = YES;
				SWIFT_VERSION = 5.0;
				TARGETED_DEVICE_FAMILY = 1;
			};
			name = Release;
		};
		FE0069A02E59624F00565593 /* Debug */ = {
			isa = XCBuildConfiguration;
			buildSettings = {
				ALWAYS_SEARCH_USER_PATHS = NO;
				ASSETCATALOG_COMPILER_GENERATE_SWIFT_ASSET_SYMBOL_EXTENSIONS = YES;
				CLANG_ANALYZER_NONNULL = YES;
				CLANG_ANALYZER_NUMBER_OBJECT_CONVERSION = YES_AGGRESSIVE;
				CLANG_CXX_LANGUAGE_STANDARD = "gnu++20";
				CLANG_ENABLE_MODULES = YES;
				CLANG_ENABLE_OBJC_ARC = YES;
				CLANG_ENABLE_OBJC_WEAK = YES;
				CLANG_WARN_BLOCK_CAPTURE_AUTORELEASING = YES;
				CLANG_WARN_BOOL_CONVERSION = YES;
				CLANG_WARN_COMMA = YES;
				CLANG_WARN_CONSTANT_CONVERSION = YES;
				CLANG_WARN_DEPRECATED_OBJC_IMPLEMENTATIONS = YES;
				CLANG_WARN_DIRECT_OBJC_ISA_USAGE = YES_ERROR;
				CLANG_WARN_DOCUMENTATION_COMMENTS = YES;
				CLANG_WARN_EMPTY_BODY = YES;
				CLANG_WARN_ENUM_CONVERSION = YES;
				CLANG_WARN_INFINITE_RECURSION = YES;
				CLANG_WARN_INT_CONVERSION = YES;
				CLANG_WARN_NON_LITERAL_NULL_CONVERSION = YES;
				CLANG_WARN_OBJC_IMPLICIT_RETAIN_SELF = YES;
				CLANG_WARN_OBJC_LITERAL_CONVERSION = YES;
				CLANG_WARN_OBJC_ROOT_CLASS = YES_ERROR;
				CLANG_WARN_QUOTED_INCLUDE_IN_FRAMEWORK_HEADER = YES;
				CLANG_WARN_RANGE_LOOP_ANALYSIS = YES;
				CLANG_WARN_STRICT_PROTOTYPES = YES;
				CLANG_WARN_SUSPICIOUS_MOVE = YES;
				CLANG_WARN_UNGUARDED_AVAILABILITY = YES_AGGRESSIVE;
				CLANG_WARN_UNREACHABLE_CODE = YES;
				CLANG_WARN__DUPLICATE_METHOD_MATCH = YES;
				COPY_PHASE_STRIP = NO;
				DEBUG_INFORMATION_FORMAT = dwarf;
				ENABLE_STRICT_OBJC_MSGSEND = YES;
				ENABLE_TESTABILITY = YES;
				ENABLE_USER_SCRIPT_SANDBOXING = YES;
				GCC_C_LANGUAGE_STANDARD = gnu17;
				GCC_DYNAMIC_NO_PIC = NO;
				GCC_NO_COMMON_BLOCKS = YES;
				GCC_OPTIMIZATION_LEVEL = 0;
				GCC_PREPROCESSOR_DEFINITIONS = (
					"DEBUG=1",
					"$(inherited)",
				);
				GCC_WARN_64_TO_32_BIT_CONVERSION = YES;
				GCC_WARN_ABOUT_RETURN_TYPE = YES_ERROR;
				GCC_WARN_UNDECLARED_SELECTOR = YES;
				GCC_WARN_UNINITIALIZED_AUTOS = YES_AGGRESSIVE;
				GCC_WARN_UNUSED_FUNCTION = YES;
				GCC_WARN_UNUSED_VARIABLE = YES;
				IPHONEOS_DEPLOYMENT_TARGET = 18.4;
				LOCALIZATION_PREFERS_STRING_CATALOGS = YES;
				MTL_ENABLE_DEBUG_INFO = INCLUDE_SOURCE;
				MTL_FAST_MATH = YES;
				ONLY_ACTIVE_ARCH = YES;
				SDKROOT = iphoneos;
				SWIFT_ACTIVE_COMPILATION_CONDITIONS = "DEBUG $(inherited)";
				SWIFT_OPTIMIZATION_LEVEL = "-Onone";
			};
			name = Debug;
		};
		FE0069A12E59624F00565593 /* Release */ = {
			isa = XCBuildConfiguration;
			buildSettings = {
				ALWAYS_SEARCH_USER_PATHS = NO;
				ASSETCATALOG_COMPILER_GENERATE_SWIFT_ASSET_SYMBOL_EXTENSIONS = YES;
				CLANG_ANALYZER_NONNULL = YES;
				CLANG_ANALYZER_NUMBER_OBJECT_CONVERSION = YES_AGGRESSIVE;
				CLANG_CXX_LANGUAGE_STANDARD = "gnu++20";
				CLANG_ENABLE_MODULES = YES;
				CLANG_ENABLE_OBJC_ARC = YES;
				CLANG_ENABLE_OBJC_WEAK = YES;
				CLANG_WARN_BLOCK_CAPTURE_AUTORELEASING = YES;
				CLANG_WARN_BOOL_CONVERSION = YES;
				CLANG_WARN_COMMA = YES;
				CLANG_WARN_CONSTANT_CONVERSION = YES;
				CLANG_WARN_DEPRECATED_OBJC_IMPLEMENTATIONS = YES;
				CLANG_WARN_DIRECT_OBJC_ISA_USAGE = YES_ERROR;
				CLANG_WARN_DOCUMENTATION_COMMENTS = YES;
				CLANG_WARN_EMPTY_BODY = YES;
				CLANG_WARN_ENUM_CONVERSION = YES;
				CLANG_WARN_INFINITE_RECURSION = YES;
				CLANG_WARN_INT_CONVERSION = YES;
				CLANG_WARN_NON_LITERAL_NULL_CONVERSION = YES;
				CLANG_WARN_OBJC_IMPLICIT_RETAIN_SELF = YES;
				CLANG_WARN_OBJC_LITERAL_CONVERSION = YES;
				CLANG_WARN_OBJC_ROOT_CLASS = YES_ERROR;
				CLANG_WARN_QUOTED_INCLUDE_IN_FRAMEWORK_HEADER = YES;
				CLANG_WARN_RANGE_LOOP_ANALYSIS = YES;
				CLANG_WARN_STRICT_PROTOTYPES = YES;
				CLANG_WARN_SUSPICIOUS_MOVE = YES;
				CLANG_WARN_UNGUARDED_AVAILABILITY = YES_AGGRESSIVE;
				CLANG_WARN_UNREACHABLE_CODE = YES;
				CLANG_WARN__DUPLICATE_METHOD_MATCH = YES;
				COPY_PHASE_STRIP = NO;
				DEBUG_INFORMATION_FORMAT = "dwarf-with-dsym";
				ENABLE_NS_ASSERTIONS = NO;
				ENABLE_STRICT_OBJC_MSGSEND = YES;
				ENABLE_USER_SCRIPT_SANDBOXING = YES;
				GCC_C_LANGUAGE_STANDARD = gnu17;
				GCC_NO_COMMON_BLOCKS = YES;
				GCC_WARN_64_TO_32_BIT_CONVERSION = YES;
				GCC_WARN_ABOUT_RETURN_TYPE = YES_ERROR;
				GCC_WARN_UNDECLARED_SELECTOR = YES;
				GCC_WARN_UNINITIALIZED_AUTOS = YES_AGGRESSIVE;
				GCC_WARN_UNUSED_FUNCTION = YES;
				GCC_WARN_UNUSED_VARIABLE = YES;
				IPHONEOS_DEPLOYMENT_TARGET = 18.4;
				LOCALIZATION_PREFERS_STRING_CATALOGS = YES;
				MTL_ENABLE_DEBUG_INFO = NO;
				MTL_FAST_MATH = YES;
				SDKROOT = iphoneos;
				SWIFT_COMPILATION_MODE = wholemodule;
				VALIDATE_PRODUCT = YES;
			};
			name = Release;
		};
/* End XCBuildConfiguration section */

/* Begin XCConfigurationList section */
		FE0069822E59624D00565593 /* Build configuration list for PBXProject "Combination" */ = {
			isa = XCConfigurationList;
			buildConfigurations = (
				FE0069A02E59624F00565593 /* Debug */,
				FE0069A12E59624F00565593 /* Release */,
			);
			defaultConfigurationIsVisible = 0;
			defaultConfigurationName = Release;
		};
		FE00699D2E59624F00565593 /* Build configuration list for PBXNativeTarget "Combination" */ = {
			isa = XCConfigurationList;
			buildConfigurations = (
				FE00699E2E59624F00565593 /* Debug */,
				FE00699F2E59624F00565593 /* Release */,
			);
			defaultConfigurationIsVisible = 0;
			defaultConfigurationName = Release;
		};
/* End XCConfigurationList section */

/* Begin XCVersionGroup section */
		FE0069A42E59626000565593 /* Combination.xcdatamodeld */ = {
			isa = XCVersionGroup;
			children = (
				FE0069AD2E59626000565593 /* Combination.xcdatamodel */,
			);
			currentVersion = FE0069AD2E59626000565593 /* Combination.xcdatamodel */;
			path = Combination.xcdatamodeld;
			sourceTree = "<group>";
			versionGroupType = wrapper.xcdatamodel;
		};
/* End XCVersionGroup section */
	};
	rootObject = FE00697F2E59624D00565593 /* Project object */;
}
